
Microsoft Visual Studio Solution File, Format Version 12.00
# Visual Studio Version 16
VisualStudioVersion = 16.0.32002.261
MinimumVisualStudioVersion = 10.0.40219.1
Project("{FAE04EC0-301F-11D3-BF4B-00C04F79EFBC}") = "BinaryTree", "BinaryTree.csproj", "{CBB17FCE-F8DA-453A-8317-C60277F067C3}"
EndProject
Global
	GlobalSection(SolutionConfigurationPlatforms) = preSolution
		Debug|Any CPU = Debug|Any CPU
		Release|Any CPU = Release|Any CPU
	EndGlobalSection
	GlobalSection(ProjectConfigurationPlatforms) = postSolution
		{CBB17FCE-F8DA-453A-8317-C60277F067C3}.Debug|Any CPU.ActiveCfg = Debug|Any CPU
		{CBB17FCE-F8DA-453A-8317-C60277F067C3}.Debug|Any CPU.Build.0 = Debug|Any CPU
		{CBB17FCE-F8DA-453A-8317-C60277F067C3}.Release|Any CPU.ActiveCfg = Release|Any CPU
		{CBB17FCE-F8DA-453A-8317-C60277F067C3}.Release|Any CPU.Build.0 = Release|Any CPU
	EndGlobalSection
	GlobalSection(SolutionProperties) = preSolution
		HideSolutionNode = FALSE
	EndGlobalSection
	GlobalSection(ExtensibilityGlobals) = postSolution
		SolutionGuid = {E3D7B9FB-F106-4B9A-A1F7-7657CFF29857}
	EndGlobalSection
EndGlobal
